// !$*UTF8*$!
{
	archiveVersion = 1;
	classes = {
	};
	objectVersion = 56;
	objects = {

/* Begin PBXBuildFile section */
		1EFCBBA1298BDCA800C2D529 /* AppDelegate.swift in Sources */ = {isa = PBXBuildFile; fileRef = 1EFCBBA0298BDCA800C2D529 /* AppDelegate.swift */; };
		1EFCBBA5298BDCA800C2D529 /* HomeViewController.swift in Sources */ = {isa = PBXBuildFile; fileRef = 1EFCBBA4298BDCA800C2D529 /* HomeViewController.swift */; };
		1EFCBBAA298BDCA900C2D529 /* Assets.xcassets in Resources */ = {isa = PBXBuildFile; fileRef = 1EFCBBA9298BDCA900C2D529 /* Assets.xcassets */; };
		1EFCBBAD298BDCA900C2D529 /* LaunchScreen.storyboard in Resources */ = {isa = PBXBuildFile; fileRef = 1EFCBBAB298BDCA900C2D529 /* LaunchScreen.storyboard */; };
		1EFCBBB5298BE10700C2D529 /* Constans.swift in Sources */ = {isa = PBXBuildFile; fileRef = 1EFCBBB4298BE10700C2D529 /* Constans.swift */; };
		1EFCBBBA298BE17400C2D529 /* UIViewController+Extensions.swift in Sources */ = {isa = PBXBuildFile; fileRef = 1EFCBBB9298BE17400C2D529 /* UIViewController+Extensions.swift */; };
		1EFCBBBD298BE3E200C2D529 /* HomeTableHeaderView.swift in Sources */ = {isa = PBXBuildFile; fileRef = 1EFCBBBC298BE3E200C2D529 /* HomeTableHeaderView.swift */; };
		1EFCBBC0298BE8D200C2D529 /* CoreDataManager.swift in Sources */ = {isa = PBXBuildFile; fileRef = 1EFCBBBF298BE8D200C2D529 /* CoreDataManager.swift */; };
		1EFCBBC4298BE8F800C2D529 /* ProjectModel.xcdatamodeld in Sources */ = {isa = PBXBuildFile; fileRef = 1EFCBBC2298BE8F800C2D529 /* ProjectModel.xcdatamodeld */; };
		1EFCBBC6298BE9D200C2D529 /* UIColorTransformer.swift in Sources */ = {isa = PBXBuildFile; fileRef = 1EFCBBC5298BE9D200C2D529 /* UIColorTransformer.swift */; };
		1EFCBBC8298BEAA700C2D529 /* Project+CoreDataProperties.swift in Sources */ = {isa = PBXBuildFile; fileRef = 1EFCBBC7298BEAA700C2D529 /* Project+CoreDataProperties.swift */; };
		1EFCBBCB298BEC8700C2D529 /* ProjectViewModel.swift in Sources */ = {isa = PBXBuildFile; fileRef = 1EFCBBCA298BEC8700C2D529 /* ProjectViewModel.swift */; };
		1EFCBBCD298BEEEA00C2D529 /* BaseModel.swift in Sources */ = {isa = PBXBuildFile; fileRef = 1EFCBBCC298BEEEA00C2D529 /* BaseModel.swift */; };
		1EFCBBCF298BF09600C2D529 /* Project+Extensions.swift in Sources */ = {isa = PBXBuildFile; fileRef = 1EFCBBCE298BF09600C2D529 /* Project+Extensions.swift */; };
		1EFCBBD1298BF0CE00C2D529 /* Item+Extensions.swift in Sources */ = {isa = PBXBuildFile; fileRef = 1EFCBBD0298BF0CE00C2D529 /* Item+Extensions.swift */; };
		1EFCBBD3298BF2B800C2D529 /* HomeTableSectionFooterView.swift in Sources */ = {isa = PBXBuildFile; fileRef = 1EFCBBD2298BF2B800C2D529 /* HomeTableSectionFooterView.swift */; };
		1EFCBBD5298BF37C00C2D529 /* HomeTableSectionHeaderView.swift in Sources */ = {isa = PBXBuildFile; fileRef = 1EFCBBD4298BF37C00C2D529 /* HomeTableSectionHeaderView.swift */; };
		1EFCBBD8298BFDBD00C2D529 /* ProjectsService.swift in Sources */ = {isa = PBXBuildFile; fileRef = 1EFCBBD7298BFDBD00C2D529 /* ProjectsService.swift */; };
		1EFCBBDA298C0EBC00C2D529 /* ItemTableViewCell.swift in Sources */ = {isa = PBXBuildFile; fileRef = 1EFCBBD9298C0EBC00C2D529 /* ItemTableViewCell.swift */; };
		1EFCBBDC298C253F00C2D529 /* EditProjectViewController.swift in Sources */ = {isa = PBXBuildFile; fileRef = 1EFCBBDB298C253F00C2D529 /* EditProjectViewController.swift */; };
/* End PBXBuildFile section */

/* Begin PBXFileReference section */
		1EFCBB9D298BDCA800C2D529 /* Simpli.app */ = {isa = PBXFileReference; explicitFileType = wrapper.application; includeInIndex = 0; path = Simpli.app; sourceTree = BUILT_PRODUCTS_DIR; };
		1EFCBBA0298BDCA800C2D529 /* AppDelegate.swift */ = {isa = PBXFileReference; lastKnownFileType = sourcecode.swift; path = AppDelegate.swift; sourceTree = "<group>"; };
		1EFCBBA4298BDCA800C2D529 /* HomeViewController.swift */ = {isa = PBXFileReference; lastKnownFileType = sourcecode.swift; path = HomeViewController.swift; sourceTree = "<group>"; };
		1EFCBBA9298BDCA900C2D529 /* Assets.xcassets */ = {isa = PBXFileReference; lastKnownFileType = folder.assetcatalog; path = Assets.xcassets; sourceTree = "<group>"; };
		1EFCBBAC298BDCA900C2D529 /* Base */ = {isa = PBXFileReference; lastKnownFileType = file.storyboard; name = Base; path = Base.lproj/LaunchScreen.storyboard; sourceTree = "<group>"; };
		1EFCBBAE298BDCA900C2D529 /* Info.plist */ = {isa = PBXFileReference; lastKnownFileType = text.plist.xml; path = Info.plist; sourceTree = "<group>"; };
		1EFCBBB4298BE10700C2D529 /* Constans.swift */ = {isa = PBXFileReference; lastKnownFileType = sourcecode.swift; path = Constans.swift; sourceTree = "<group>"; };
		1EFCBBB9298BE17400C2D529 /* UIViewController+Extensions.swift */ = {isa = PBXFileReference; lastKnownFileType = sourcecode.swift; path = "UIViewController+Extensions.swift"; sourceTree = "<group>"; };
		1EFCBBBC298BE3E200C2D529 /* HomeTableHeaderView.swift */ = {isa = PBXFileReference; lastKnownFileType = sourcecode.swift; path = HomeTableHeaderView.swift; sourceTree = "<group>"; };
		1EFCBBBF298BE8D200C2D529 /* CoreDataManager.swift */ = {isa = PBXFileReference; lastKnownFileType = sourcecode.swift; path = CoreDataManager.swift; sourceTree = "<group>"; };
		1EFCBBC3298BE8F800C2D529 /* ProjectModel.xcdatamodel */ = {isa = PBXFileReference; lastKnownFileType = wrapper.xcdatamodel; path = ProjectModel.xcdatamodel; sourceTree = "<group>"; };
		1EFCBBC5298BE9D200C2D529 /* UIColorTransformer.swift */ = {isa = PBXFileReference; lastKnownFileType = sourcecode.swift; path = UIColorTransformer.swift; sourceTree = "<group>"; };
		1EFCBBC7298BEAA700C2D529 /* Project+CoreDataProperties.swift */ = {isa = PBXFileReference; lastKnownFileType = sourcecode.swift; path = "Project+CoreDataProperties.swift"; sourceTree = "<group>"; };
		1EFCBBCA298BEC8700C2D529 /* ProjectViewModel.swift */ = {isa = PBXFileReference; lastKnownFileType = sourcecode.swift; path = ProjectViewModel.swift; sourceTree = "<group>"; };
		1EFCBBCC298BEEEA00C2D529 /* BaseModel.swift */ = {isa = PBXFileReference; lastKnownFileType = sourcecode.swift; path = BaseModel.swift; sourceTree = "<group>"; };
		1EFCBBCE298BF09600C2D529 /* Project+Extensions.swift */ = {isa = PBXFileReference; lastKnownFileType = sourcecode.swift; path = "Project+Extensions.swift"; sourceTree = "<group>"; };
		1EFCBBD0298BF0CE00C2D529 /* Item+Extensions.swift */ = {isa = PBXFileReference; lastKnownFileType = sourcecode.swift; path = "Item+Extensions.swift"; sourceTree = "<group>"; };
		1EFCBBD2298BF2B800C2D529 /* HomeTableSectionFooterView.swift */ = {isa = PBXFileReference; lastKnownFileType = sourcecode.swift; path = HomeTableSectionFooterView.swift; sourceTree = "<group>"; };
		1EFCBBD4298BF37C00C2D529 /* HomeTableSectionHeaderView.swift */ = {isa = PBXFileReference; lastKnownFileType = sourcecode.swift; path = HomeTableSectionHeaderView.swift; sourceTree = "<group>"; };
		1EFCBBD7298BFDBD00C2D529 /* ProjectsService.swift */ = {isa = PBXFileReference; lastKnownFileType = sourcecode.swift; path = ProjectsService.swift; sourceTree = "<group>"; };
		1EFCBBD9298C0EBC00C2D529 /* ItemTableViewCell.swift */ = {isa = PBXFileReference; lastKnownFileType = sourcecode.swift; path = ItemTableViewCell.swift; sourceTree = "<group>"; };
		1EFCBBDB298C253F00C2D529 /* EditProjectViewController.swift */ = {isa = PBXFileReference; lastKnownFileType = sourcecode.swift; path = EditProjectViewController.swift; sourceTree = "<group>"; };
/* End PBXFileReference section */

/* Begin PBXFrameworksBuildPhase section */
		1EFCBB9A298BDCA800C2D529 /* Frameworks */ = {
			isa = PBXFrameworksBuildPhase;
			buildActionMask = 2147483647;
			files = (
			);
			runOnlyForDeploymentPostprocessing = 0;
		};
/* End PBXFrameworksBuildPhase section */

/* Begin PBXGroup section */
		1EFCBB94298BDCA800C2D529 = {
			isa = PBXGroup;
			children = (
				1EFCBB9F298BDCA800C2D529 /* Simpli */,
				1EFCBB9E298BDCA800C2D529 /* Products */,
			);
			sourceTree = "<group>";
		};
		1EFCBB9E298BDCA800C2D529 /* Products */ = {
			isa = PBXGroup;
			children = (
				1EFCBB9D298BDCA800C2D529 /* Simpli.app */,
			);
			name = Products;
			sourceTree = "<group>";
		};
		1EFCBB9F298BDCA800C2D529 /* Simpli */ = {
			isa = PBXGroup;
			children = (
				1EFCBBD6298BFDAE00C2D529 /* Services */,
				1EFCBBC9298BEC8100C2D529 /* ViewModels */,
				1EFCBBC1298BE8EC00C2D529 /* Models */,
				1EFCBBBE298BE84300C2D529 /* Managers */,
				1EFCBBBB298BE3D600C2D529 /* Views */,
				1EFCBBB7298BE14F00C2D529 /* ViewControllers */,
				1EFCBBB6298BE13C00C2D529 /* Utils */,
				1EFCBBA0298BDCA800C2D529 /* AppDelegate.swift */,
				1EFCBBA9298BDCA900C2D529 /* Assets.xcassets */,
				1EFCBBAB298BDCA900C2D529 /* LaunchScreen.storyboard */,
				1EFCBBAE298BDCA900C2D529 /* Info.plist */,
			);
			path = Simpli;
			sourceTree = "<group>";
		};
		1EFCBBB6298BE13C00C2D529 /* Utils */ = {
			isa = PBXGroup;
			children = (
				1EFCBBB8298BE16B00C2D529 /* Extensions */,
				1EFCBBB4298BE10700C2D529 /* Constans.swift */,
				1EFCBBC5298BE9D200C2D529 /* UIColorTransformer.swift */,
			);
			path = Utils;
			sourceTree = "<group>";
		};
		1EFCBBB7298BE14F00C2D529 /* ViewControllers */ = {
			isa = PBXGroup;
			children = (
				1EFCBBA4298BDCA800C2D529 /* HomeViewController.swift */,
				1EFCBBDB298C253F00C2D529 /* EditProjectViewController.swift */,
			);
			path = ViewControllers;
			sourceTree = "<group>";
		};
		1EFCBBB8298BE16B00C2D529 /* Extensions */ = {
			isa = PBXGroup;
			children = (
				1EFCBBB9298BE17400C2D529 /* UIViewController+Extensions.swift */,
				1EFCBBC7298BEAA700C2D529 /* Project+CoreDataProperties.swift */,
				1EFCBBCE298BF09600C2D529 /* Project+Extensions.swift */,
				1EFCBBD0298BF0CE00C2D529 /* Item+Extensions.swift */,
			);
			path = Extensions;
			sourceTree = "<group>";
		};
		1EFCBBBB298BE3D600C2D529 /* Views */ = {
			isa = PBXGroup;
			children = (
				1EFCBBBC298BE3E200C2D529 /* HomeTableHeaderView.swift */,
				1EFCBBD2298BF2B800C2D529 /* HomeTableSectionFooterView.swift */,
				1EFCBBD4298BF37C00C2D529 /* HomeTableSectionHeaderView.swift */,
				1EFCBBD9298C0EBC00C2D529 /* ItemTableViewCell.swift */,
			);
			path = Views;
			sourceTree = "<group>";
		};
		1EFCBBBE298BE84300C2D529 /* Managers */ = {
			isa = PBXGroup;
			children = (
				1EFCBBBF298BE8D200C2D529 /* CoreDataManager.swift */,
			);
			path = Managers;
			sourceTree = "<group>";
		};
		1EFCBBC1298BE8EC00C2D529 /* Models */ = {
			isa = PBXGroup;
			children = (
				1EFCBBCC298BEEEA00C2D529 /* BaseModel.swift */,
				1EFCBBC2298BE8F800C2D529 /* ProjectModel.xcdatamodeld */,
			);
			path = Models;
			sourceTree = "<group>";
		};
		1EFCBBC9298BEC8100C2D529 /* ViewModels */ = {
			isa = PBXGroup;
			children = (
				1EFCBBCA298BEC8700C2D529 /* ProjectViewModel.swift */,
			);
			path = ViewModels;
			sourceTree = "<group>";
		};
		1EFCBBD6298BFDAE00C2D529 /* Services */ = {
			isa = PBXGroup;
			children = (
				1EFCBBD7298BFDBD00C2D529 /* ProjectsService.swift */,
			);
			path = Services;
			sourceTree = "<group>";
		};
/* End PBXGroup section */

/* Begin PBXNativeTarget section */
		1EFCBB9C298BDCA800C2D529 /* Simpli */ = {
			isa = PBXNativeTarget;
			buildConfigurationList = 1EFCBBB1298BDCA900C2D529 /* Build configuration list for PBXNativeTarget "Simpli" */;
			buildPhases = (
				1EFCBB99298BDCA800C2D529 /* Sources */,
				1EFCBB9A298BDCA800C2D529 /* Frameworks */,
				1EFCBB9B298BDCA800C2D529 /* Resources */,
			);
			buildRules = (
			);
			dependencies = (
			);
			name = Simpli;
			productName = Simpli;
			productReference = 1EFCBB9D298BDCA800C2D529 /* Simpli.app */;
			productType = "com.apple.product-type.application";
		};
/* End PBXNativeTarget section */

/* Begin PBXProject section */
		1EFCBB95298BDCA800C2D529 /* Project object */ = {
			isa = PBXProject;
			attributes = {
				BuildIndependentTargetsInParallel = 1;
				LastSwiftUpdateCheck = 1400;
				LastUpgradeCheck = 1400;
				TargetAttributes = {
					1EFCBB9C298BDCA800C2D529 = {
						CreatedOnToolsVersion = 14.0;
					};
				};
			};
			buildConfigurationList = 1EFCBB98298BDCA800C2D529 /* Build configuration list for PBXProject "Simpli" */;
			compatibilityVersion = "Xcode 14.0";
			developmentRegion = en;
			hasScannedForEncodings = 0;
			knownRegions = (
				en,
				Base,
			);
			mainGroup = 1EFCBB94298BDCA800C2D529;
			productRefGroup = 1EFCBB9E298BDCA800C2D529 /* Products */;
			projectDirPath = "";
			projectRoot = "";
			targets = (
				1EFCBB9C298BDCA800C2D529 /* Simpli */,
			);
		};
/* End PBXProject section */

/* Begin PBXResourcesBuildPhase section */
		1EFCBB9B298BDCA800C2D529 /* Resources */ = {
			isa = PBXResourcesBuildPhase;
			buildActionMask = 2147483647;
			files = (
				1EFCBBAD298BDCA900C2D529 /* LaunchScreen.storyboard in Resources */,
				1EFCBBAA298BDCA900C2D529 /* Assets.xcassets in Resources */,
			);
			runOnlyForDeploymentPostprocessing = 0;
		};
/* End PBXResourcesBuildPhase section */

/* Begin PBXSourcesBuildPhase section */
		1EFCBB99298BDCA800C2D529 /* Sources */ = {
			isa = PBXSourcesBuildPhase;
			buildActionMask = 2147483647;
			files = (
				1EFCBBC0298BE8D200C2D529 /* CoreDataManager.swift in Sources */,
				1EFCBBBA298BE17400C2D529 /* UIViewController+Extensions.swift in Sources */,
				1EFCBBCD298BEEEA00C2D529 /* BaseModel.swift in Sources */,
				1EFCBBC4298BE8F800C2D529 /* ProjectModel.xcdatamodeld in Sources */,
				1EFCBBC6298BE9D200C2D529 /* UIColorTransformer.swift in Sources */,
				1EFCBBCB298BEC8700C2D529 /* ProjectViewModel.swift in Sources */,
				1EFCBBA5298BDCA800C2D529 /* HomeViewController.swift in Sources */,
				1EFCBBD5298BF37C00C2D529 /* HomeTableSectionHeaderView.swift in Sources */,
				1EFCBBBD298BE3E200C2D529 /* HomeTableHeaderView.swift in Sources */,
				1EFCBBA1298BDCA800C2D529 /* AppDelegate.swift in Sources */,
				1EFCBBCF298BF09600C2D529 /* Project+Extensions.swift in Sources */,
				1EFCBBD8298BFDBD00C2D529 /* ProjectsService.swift in Sources */,
				1EFCBBC8298BEAA700C2D529 /* Project+CoreDataProperties.swift in Sources */,
				1EFCBBD1298BF0CE00C2D529 /* Item+Extensions.swift in Sources */,
				1EFCBBB5298BE10700C2D529 /* Constans.swift in Sources */,
				1EFCBBDA298C0EBC00C2D529 /* ItemTableViewCell.swift in Sources */,
				1EFCBBDC298C253F00C2D529 /* EditProjectViewController.swift in Sources */,
				1EFCBBD3298BF2B800C2D529 /* HomeTableSectionFooterView.swift in Sources */,
			);
			runOnlyForDeploymentPostprocessing = 0;
		};
/* End PBXSourcesBuildPhase section */

/* Begin PBXVariantGroup section */
		1EFCBBAB298BDCA900C2D529 /* LaunchScreen.storyboard */ = {
			isa = PBXVariantGroup;
			children = (
				1EFCBBAC298BDCA900C2D529 /* Base */,
			);
			name = LaunchScreen.storyboard;
			sourceTree = "<group>";
		};
/* End PBXVariantGroup section */

/* Begin XCBuildConfiguration section */
		1EFCBBAF298BDCA900C2D529 /* Debug */ = {
			isa = XCBuildConfiguration;
			buildSettings = {
				ALWAYS_SEARCH_USER_PATHS = NO;
				CLANG_ANALYZER_NONNULL = YES;
				CLANG_ANALYZER_NUMBER_OBJECT_CONVERSION = YES_AGGRESSIVE;
				CLANG_CXX_LANGUAGE_STANDARD = "gnu++20";
				CLANG_ENABLE_MODULES = YES;
				CLANG_ENABLE_OBJC_ARC = YES;
				CLANG_ENABLE_OBJC_WEAK = YES;
				CLANG_WARN_BLOCK_CAPTURE_AUTORELEASING = YES;
				CLANG_WARN_BOOL_CONVERSION = YES;
				CLANG_WARN_COMMA = YES;
				CLANG_WARN_CONSTANT_CONVERSION = YES;
				CLANG_WARN_DEPRECATED_OBJC_IMPLEMENTATIONS = YES;
				CLANG_WARN_DIRECT_OBJC_ISA_USAGE = YES_ERROR;
				CLANG_WARN_DOCUMENTATION_COMMENTS = YES;
				CLANG_WARN_EMPTY_BODY = YES;
				CLANG_WARN_ENUM_CONVERSION = YES;
				CLANG_WARN_INFINITE_RECURSION = YES;
				CLANG_WARN_INT_CONVERSION = YES;
				CLANG_WARN_NON_LITERAL_NULL_CONVERSION = YES;
				CLANG_WARN_OBJC_IMPLICIT_RETAIN_SELF = YES;
				CLANG_WARN_OBJC_LITERAL_CONVERSION = YES;
				CLANG_WARN_OBJC_ROOT_CLASS = YES_ERROR;
				CLANG_WARN_QUOTED_INCLUDE_IN_FRAMEWORK_HEADER = YES;
				CLANG_WARN_RANGE_LOOP_ANALYSIS = YES;
				CLANG_WARN_STRICT_PROTOTYPES = YES;
				CLANG_WARN_SUSPICIOUS_MOVE = YES;
				CLANG_WARN_UNGUARDED_AVAILABILITY = YES_AGGRESSIVE;
				CLANG_WARN_UNREACHABLE_CODE = YES;
				CLANG_WARN__DUPLICATE_METHOD_MATCH = YES;
				COPY_PHASE_STRIP = NO;
				DEBUG_INFORMATION_FORMAT = dwarf;
				ENABLE_STRICT_OBJC_MSGSEND = YES;
				ENABLE_TESTABILITY = YES;
				GCC_C_LANGUAGE_STANDARD = gnu11;
				GCC_DYNAMIC_NO_PIC = NO;
				GCC_NO_COMMON_BLOCKS = YES;
				GCC_OPTIMIZATION_LEVEL = 0;
				GCC_PREPROCESSOR_DEFINITIONS = (
					"DEBUG=1",
					"$(inherited)",
				);
				GCC_WARN_64_TO_32_BIT_CONVERSION = YES;
				GCC_WARN_ABOUT_RETURN_TYPE = YES_ERROR;
				GCC_WARN_UNDECLARED_SELECTOR = YES;
				GCC_WARN_UNINITIALIZED_AUTOS = YES_AGGRESSIVE;
				GCC_WARN_UNUSED_FUNCTION = YES;
				GCC_WARN_UNUSED_VARIABLE = YES;
				IPHONEOS_DEPLOYMENT_TARGET = 14.0;
				MTL_ENABLE_DEBUG_INFO = INCLUDE_SOURCE;
				MTL_FAST_MATH = YES;
				ONLY_ACTIVE_ARCH = YES;
				SDKROOT = iphoneos;
				SWIFT_ACTIVE_COMPILATION_CONDITIONS = DEBUG;
				SWIFT_OPTIMIZATION_LEVEL = "-Onone";
			};
			name = Debug;
		};
		1EFCBBB0298BDCA900C2D529 /* Release */ = {
			isa = XCBuildConfiguration;
			buildSettings = {
				ALWAYS_SEARCH_USER_PATHS = NO;
				CLANG_ANALYZER_NONNULL = YES;
				CLANG_ANALYZER_NUMBER_OBJECT_CONVERSION = YES_AGGRESSIVE;
				CLANG_CXX_LANGUAGE_STANDARD = "gnu++20";
				CLANG_ENABLE_MODULES = YES;
				CLANG_ENABLE_OBJC_ARC = YES;
				CLANG_ENABLE_OBJC_WEAK = YES;
				CLANG_WARN_BLOCK_CAPTURE_AUTORELEASING = YES;
				CLANG_WARN_BOOL_CONVERSION = YES;
				CLANG_WARN_COMMA = YES;
				CLANG_WARN_CONSTANT_CONVERSION = YES;
				CLANG_WARN_DEPRECATED_OBJC_IMPLEMENTATIONS = YES;
				CLANG_WARN_DIRECT_OBJC_ISA_USAGE = YES_ERROR;
				CLANG_WARN_DOCUMENTATION_COMMENTS = YES;
				CLANG_WARN_EMPTY_BODY = YES;
				CLANG_WARN_ENUM_CONVERSION = YES;
				CLANG_WARN_INFINITE_RECURSION = YES;
				CLANG_WARN_INT_CONVERSION = YES;
				CLANG_WARN_NON_LITERAL_NULL_CONVERSION = YES;
				CLANG_WARN_OBJC_IMPLICIT_RETAIN_SELF = YES;
				CLANG_WARN_OBJC_LITERAL_CONVERSION = YES;
				CLANG_WARN_OBJC_ROOT_CLASS = YES_ERROR;
				CLANG_WARN_QUOTED_INCLUDE_IN_FRAMEWORK_HEADER = YES;
				CLANG_WARN_RANGE_LOOP_ANALYSIS = YES;
				CLANG_WARN_STRICT_PROTOTYPES = YES;
				CLANG_WARN_SUSPICIOUS_MOVE = YES;
				CLANG_WARN_UNGUARDED_AVAILABILITY = YES_AGGRESSIVE;
				CLANG_WARN_UNREACHABLE_CODE = YES;
				CLANG_WARN__DUPLICATE_METHOD_MATCH = YES;
				COPY_PHASE_STRIP = NO;
				DEBUG_INFORMATION_FORMAT = "dwarf-with-dsym";
				ENABLE_NS_ASSERTIONS = NO;
				ENABLE_STRICT_OBJC_MSGSEND = YES;
				GCC_C_LANGUAGE_STANDARD = gnu11;
				GCC_NO_COMMON_BLOCKS = YES;
				GCC_WARN_64_TO_32_BIT_CONVERSION = YES;
				GCC_WARN_ABOUT_RETURN_TYPE = YES_ERROR;
				GCC_WARN_UNDECLARED_SELECTOR = YES;
				GCC_WARN_UNINITIALIZED_AUTOS = YES_AGGRESSIVE;
				GCC_WARN_UNUSED_FUNCTION = YES;
				GCC_WARN_UNUSED_VARIABLE = YES;
				IPHONEOS_DEPLOYMENT_TARGET = 14.0;
				MTL_ENABLE_DEBUG_INFO = NO;
				MTL_FAST_MATH = YES;
				SDKROOT = iphoneos;
				SWIFT_COMPILATION_MODE = wholemodule;
				SWIFT_OPTIMIZATION_LEVEL = "-O";
				VALIDATE_PRODUCT = YES;
			};
			name = Release;
		};
		1EFCBBB2298BDCA900C2D529 /* Debug */ = {
			isa = XCBuildConfiguration;
			buildSettings = {
				ASSETCATALOG_COMPILER_APPICON_NAME = AppIcon;
				ASSETCATALOG_COMPILER_GLOBAL_ACCENT_COLOR_NAME = AccentColor;
				CODE_SIGN_STYLE = Automatic;
				CURRENT_PROJECT_VERSION = 1;
				DEVELOPMENT_TEAM = FU45F4SL37;
				GENERATE_INFOPLIST_FILE = YES;
				INFOPLIST_FILE = Simpli/Info.plist;
				INFOPLIST_KEY_UIApplicationSupportsIndirectInputEvents = YES;
				INFOPLIST_KEY_UILaunchStoryboardName = LaunchScreen;
				INFOPLIST_KEY_UIStatusBarStyle = UIStatusBarStyleLightContent;
				INFOPLIST_KEY_UISupportedInterfaceOrientations_iPad = "UIInterfaceOrientationPortrait UIInterfaceOrientationPortraitUpsideDown UIInterfaceOrientationLandscapeLeft UIInterfaceOrientationLandscapeRight";
				INFOPLIST_KEY_UISupportedInterfaceOrientations_iPhone = "UIInterfaceOrientationPortrait UIInterfaceOrientationLandscapeLeft UIInterfaceOrientationLandscapeRight";
				IPHONEOS_DEPLOYMENT_TARGET = 14.0;
				LD_RUNPATH_SEARCH_PATHS = (
					"$(inherited)",
					"@executable_path/Frameworks",
				);
				MARKETING_VERSION = 1.0;
				PRODUCT_BUNDLE_IDENTIFIER = com.ogrodowskitomasz.Simpli;
				PRODUCT_NAME = "$(TARGET_NAME)";
				SWIFT_EMIT_LOC_STRINGS = YES;
				SWIFT_VERSION = 5.0;
				TARGETED_DEVICE_FAMILY = "1,2";
			};
			name = Debug;
		};
		1EFCBBB3298BDCA900C2D529 /* Release */ = {
			isa = XCBuildConfiguration;
			buildSettings = {
				ASSETCATALOG_COMPILER_APPICON_NAME = AppIcon;
				ASSETCATALOG_COMPILER_GLOBAL_ACCENT_COLOR_NAME = AccentColor;
				CODE_SIGN_STYLE = Automatic;
				CURRENT_PROJECT_VERSION = 1;
				DEVELOPMENT_TEAM = FU45F4SL37;
				GENERATE_INFOPLIST_FILE = YES;
				INFOPLIST_FILE = Simpli/Info.plist;
				INFOPLIST_KEY_UIApplicationSupportsIndirectInputEvents = YES;
				INFOPLIST_KEY_UILaunchStoryboardName = LaunchScreen;
				INFOPLIST_KEY_UIStatusBarStyle = UIStatusBarStyleLightContent;
				INFOPLIST_KEY_UISupportedInterfaceOrientations_iPad = "UIInterfaceOrientationPortrait UIInterfaceOrientationPortraitUpsideDown UIInterfaceOrientationLandscapeLeft UIInterfaceOrientationLandscapeRight";
				INFOPLIST_KEY_UISupportedInterfaceOrientations_iPhone = "UIInterfaceOrientationPortrait UIInterfaceOrientationLandscapeLeft UIInterfaceOrientationLandscapeRight";
				IPHONEOS_DEPLOYMENT_TARGET = 14.0;
				LD_RUNPATH_SEARCH_PATHS = (
					"$(inherited)",
					"@executable_path/Frameworks",
				);
				MARKETING_VERSION = 1.0;
				PRODUCT_BUNDLE_IDENTIFIER = com.ogrodowskitomasz.Simpli;
				PRODUCT_NAME = "$(TARGET_NAME)";
				SWIFT_EMIT_LOC_STRINGS = YES;
				SWIFT_VERSION = 5.0;
				TARGETED_DEVICE_FAMILY = "1,2";
			};
			name = Release;
		};
/* End XCBuildConfiguration section */

/* Begin XCConfigurationList section */
		1EFCBB98298BDCA800C2D529 /* Build configuration list for PBXProject "Simpli" */ = {
			isa = XCConfigurationList;
			buildConfigurations = (
				1EFCBBAF298BDCA900C2D529 /* Debug */,
				1EFCBBB0298BDCA900C2D529 /* Release */,
			);
			defaultConfigurationIsVisible = 0;
			defaultConfigurationName = Release;
		};
		1EFCBBB1298BDCA900C2D529 /* Build configuration list for PBXNativeTarget "Simpli" */ = {
			isa = XCConfigurationList;
			buildConfigurations = (
				1EFCBBB2298BDCA900C2D529 /* Debug */,
				1EFCBBB3298BDCA900C2D529 /* Release */,
			);
			defaultConfigurationIsVisible = 0;
			defaultConfigurationName = Release;
		};
/* End XCConfigurationList section */

/* Begin XCVersionGroup section */
		1EFCBBC2298BE8F800C2D529 /* ProjectModel.xcdatamodeld */ = {
			isa = XCVersionGroup;
			children = (
				1EFCBBC3298BE8F800C2D529 /* ProjectModel.xcdatamodel */,
			);
			currentVersion = 1EFCBBC3298BE8F800C2D529 /* ProjectModel.xcdatamodel */;
			path = ProjectModel.xcdatamodeld;
			sourceTree = "<group>";
			versionGroupType = wrapper.xcdatamodel;
		};
/* End XCVersionGroup section */
	};
	rootObject = 1EFCBB95298BDCA800C2D529 /* Project object */;
}
